{
    "_meta": {
        "hash": {
            "sha256": "db186ccbd9c9464ca03fefce06c4df05904c89892cdc12352de06a959aed510f"
        },
        "pipfile-spec": 6,
        "requires": {
            "python_version": "3.9"
        },
        "sources": [
            {
                "name": "pypi",
                "url": "https://pypi.org/simple",
                "verify_ssl": true
            }
        ]
    },
    "default": {
        "pypdf2": {
            "hashes": [
                "sha256:e28f902f2f0a1603ea95ebe21dff311ef09be3d0f0ef29a3e44a932729564385"
            ],
            "index": "pypi",
            "version": "==1.26.0"
        },
        "split": {
            "hashes": [
                "sha256:c4be970a857d605d94999da18779bc10c34a34f937dede983268de3877b81faa"
            ],
            "index": "pypi",
            "version": "==0.4"
        }
    },
    "develop": {}
}
